
Microsoft Visual Studio Solution File, Format Version 12.00
# Visual Studio Version 17
VisualStudioVersion = 17.3.32825.248
MinimumVisualStudioVersion = 10.0.40219.1
Project("{9A19103F-16F7-4668-BE54-9A1E7A4F7556}") = "Git", "Test\Git.csproj", "{548FD1ED-53A2-41EC-84C1-204A23741E3E}"
EndProject
Global
	GlobalSection(SolutionConfigurationPlatforms) = preSolution
		Debug|Any CPU = Debug|Any CPU
		Release|Any CPU = Release|Any CPU
	EndGlobalSection
	GlobalSection(ProjectConfigurationPlatforms) = postSolution
		{548FD1ED-53A2-41EC-84C1-204A23741E3E}.Debug|Any CPU.ActiveCfg = Debug|Any CPU
		{548FD1ED-53A2-41EC-84C1-204A23741E3E}.Debug|Any CPU.Build.0 = Debug|Any CPU
		{548FD1ED-53A2-41EC-84C1-204A23741E3E}.Release|Any CPU.ActiveCfg = Release|Any CPU
		{548FD1ED-53A2-41EC-84C1-204A23741E3E}.Release|Any CPU.Build.0 = Release|Any CPU
	EndGlobalSection
	GlobalSection(SolutionProperties) = preSolution
		HideSolutionNode = FALSE
	EndGlobalSection
	GlobalSection(ExtensibilityGlobals) = postSolution
		SolutionGuid = {B05AD862-A098-45D9-902A-7B5097249DD0}
	EndGlobalSection
EndGlobal
